// !$*UTF8*$!
{
	archiveVersion = 1;
	classes = {
	};
	objectVersion = 46;
	objects = {

/* Begin PBXBuildFile section */
		0129A7D81B28566E00DA6BCF /* SearchVC.swift in Sources */ = {isa = PBXBuildFile; fileRef = 0129A7D71B28566E00DA6BCF /* SearchVC.swift */; };
		015449A21B26E72900B1C9A9 /* AppDelegate.swift in Sources */ = {isa = PBXBuildFile; fileRef = 015449A11B26E72900B1C9A9 /* AppDelegate.swift */; };
		015449A51B26E72900B1C9A9 /* Pintu.xcdatamodeld in Sources */ = {isa = PBXBuildFile; fileRef = 015449A31B26E72900B1C9A9 /* Pintu.xcdatamodeld */; };
		015449A71B26E72900B1C9A9 /* ViewController.swift in Sources */ = {isa = PBXBuildFile; fileRef = 015449A61B26E72900B1C9A9 /* ViewController.swift */; };
		015449AA1B26E72900B1C9A9 /* Main.storyboard in Resources */ = {isa = PBXBuildFile; fileRef = 015449A81B26E72900B1C9A9 /* Main.storyboard */; };
		015449AC1B26E72900B1C9A9 /* Images.xcassets in Resources */ = {isa = PBXBuildFile; fileRef = 015449AB1B26E72900B1C9A9 /* Images.xcassets */; };
		015449AF1B26E72900B1C9A9 /* LaunchScreen.xib in Resources */ = {isa = PBXBuildFile; fileRef = 015449AD1B26E72900B1C9A9 /* LaunchScreen.xib */; };
		015449BB1B26E72900B1C9A9 /* PintuTests.swift in Sources */ = {isa = PBXBuildFile; fileRef = 015449BA1B26E72900B1C9A9 /* PintuTests.swift */; };
		015449C51B26E74400B1C9A9 /* DateExtension.swift in Sources */ = {isa = PBXBuildFile; fileRef = 015449C41B26E74400B1C9A9 /* DateExtension.swift */; };
		015449C81B26E92A00B1C9A9 /* DataSource.swift in Sources */ = {isa = PBXBuildFile; fileRef = 015449C71B26E92A00B1C9A9 /* DataSource.swift */; };
		015449CB1B26E96800B1C9A9 /* MomentsTableViewCell.swift in Sources */ = {isa = PBXBuildFile; fileRef = 015449CA1B26E96800B1C9A9 /* MomentsTableViewCell.swift */; };
		015449CE1B26E9C600B1C9A9 /* GroupedTableViewController.swift in Sources */ = {isa = PBXBuildFile; fileRef = 015449CD1B26E9C600B1C9A9 /* GroupedTableViewController.swift */; };
		01F2DF3D1B271C09002CEE30 /* MainPhotoVC.swift in Sources */ = {isa = PBXBuildFile; fileRef = 01F2DF3C1B271C09002CEE30 /* MainPhotoVC.swift */; };
/* End PBXBuildFile section */

/* Begin PBXContainerItemProxy section */
		015449B51B26E72900B1C9A9 /* PBXContainerItemProxy */ = {
			isa = PBXContainerItemProxy;
			containerPortal = 015449941B26E72900B1C9A9 /* Project object */;
			proxyType = 1;
			remoteGlobalIDString = 0154499B1B26E72900B1C9A9;
			remoteInfo = Pintu;
		};
/* End PBXContainerItemProxy section */

/* Begin PBXFileReference section */
		0129A7D71B28566E00DA6BCF /* SearchVC.swift */ = {isa = PBXFileReference; fileEncoding = 4; lastKnownFileType = sourcecode.swift; path = SearchVC.swift; sourceTree = "<group>"; };
		0154499C1B26E72900B1C9A9 /* Pintu.app */ = {isa = PBXFileReference; explicitFileType = wrapper.application; includeInIndex = 0; path = Pintu.app; sourceTree = BUILT_PRODUCTS_DIR; };
		015449A01B26E72900B1C9A9 /* Info.plist */ = {isa = PBXFileReference; lastKnownFileType = text.plist.xml; path = Info.plist; sourceTree = "<group>"; };
		015449A11B26E72900B1C9A9 /* AppDelegate.swift */ = {isa = PBXFileReference; lastKnownFileType = sourcecode.swift; path = AppDelegate.swift; sourceTree = "<group>"; };
		015449A41B26E72900B1C9A9 /* Pintu.xcdatamodel */ = {isa = PBXFileReference; lastKnownFileType = wrapper.xcdatamodel; path = Pintu.xcdatamodel; sourceTree = "<group>"; };
		015449A61B26E72900B1C9A9 /* ViewController.swift */ = {isa = PBXFileReference; lastKnownFileType = sourcecode.swift; path = ViewController.swift; sourceTree = "<group>"; };
		015449A91B26E72900B1C9A9 /* Base */ = {isa = PBXFileReference; lastKnownFileType = file.storyboard; name = Base; path = Base.lproj/Main.storyboard; sourceTree = "<group>"; };
		015449AB1B26E72900B1C9A9 /* Images.xcassets */ = {isa = PBXFileReference; lastKnownFileType = folder.assetcatalog; path = Images.xcassets; sourceTree = "<group>"; };
		015449AE1B26E72900B1C9A9 /* Base */ = {isa = PBXFileReference; lastKnownFileType = file.xib; name = Base; path = Base.lproj/LaunchScreen.xib; sourceTree = "<group>"; };
		015449B41B26E72900B1C9A9 /* PintuTests.xctest */ = {isa = PBXFileReference; explicitFileType = wrapper.cfbundle; includeInIndex = 0; path = PintuTests.xctest; sourceTree = BUILT_PRODUCTS_DIR; };
		015449B91B26E72900B1C9A9 /* Info.plist */ = {isa = PBXFileReference; lastKnownFileType = text.plist.xml; path = Info.plist; sourceTree = "<group>"; };
		015449BA1B26E72900B1C9A9 /* PintuTests.swift */ = {isa = PBXFileReference; lastKnownFileType = sourcecode.swift; path = PintuTests.swift; sourceTree = "<group>"; };
		015449C41B26E74400B1C9A9 /* DateExtension.swift */ = {isa = PBXFileReference; fileEncoding = 4; lastKnownFileType = sourcecode.swift; name = DateExtension.swift; path = Pintu/DateExtension.swift; sourceTree = "<group>"; };
		015449C71B26E92A00B1C9A9 /* DataSource.swift */ = {isa = PBXFileReference; fileEncoding = 4; lastKnownFileType = sourcecode.swift; path = DataSource.swift; sourceTree = "<group>"; };
		015449CA1B26E96800B1C9A9 /* MomentsTableViewCell.swift */ = {isa = PBXFileReference; fileEncoding = 4; lastKnownFileType = sourcecode.swift; path = MomentsTableViewCell.swift; sourceTree = "<group>"; };
		015449CD1B26E9C600B1C9A9 /* GroupedTableViewController.swift */ = {isa = PBXFileReference; fileEncoding = 4; lastKnownFileType = sourcecode.swift; path = GroupedTableViewController.swift; sourceTree = "<group>"; };
		01F2DF3C1B271C09002CEE30 /* MainPhotoVC.swift */ = {isa = PBXFileReference; fileEncoding = 4; lastKnownFileType = sourcecode.swift; path = MainPhotoVC.swift; sourceTree = "<group>"; };
/* End PBXFileReference section */

/* Begin PBXFrameworksBuildPhase section */
		015449991B26E72900B1C9A9 /* Frameworks */ = {
			isa = PBXFrameworksBuildPhase;
			buildActionMask = 2147483647;
			files = (
			);
			runOnlyForDeploymentPostprocessing = 0;
		};
		015449B11B26E72900B1C9A9 /* Frameworks */ = {
			isa = PBXFrameworksBuildPhase;
			buildActionMask = 2147483647;
			files = (
			);
			runOnlyForDeploymentPostprocessing = 0;
		};
/* End PBXFrameworksBuildPhase section */

/* Begin PBXGroup section */
		015449931B26E72900B1C9A9 = {
			isa = PBXGroup;
			children = (
				015449C61B26E74E00B1C9A9 /* Extensions */,
				0154499E1B26E72900B1C9A9 /* Pintu */,
				015449B71B26E72900B1C9A9 /* PintuTests */,
				0154499D1B26E72900B1C9A9 /* Products */,
			);
			sourceTree = "<group>";
		};
		0154499D1B26E72900B1C9A9 /* Products */ = {
			isa = PBXGroup;
			children = (
				0154499C1B26E72900B1C9A9 /* Pintu.app */,
				015449B41B26E72900B1C9A9 /* PintuTests.xctest */,
			);
			name = Products;
			sourceTree = "<group>";
		};
		0154499E1B26E72900B1C9A9 /* Pintu */ = {
			isa = PBXGroup;
			children = (
				015449C91B26E92E00B1C9A9 /* Model */,
				015449CC1B26E97100B1C9A9 /* View */,
				015449CF1B26E9D100B1C9A9 /* Controller */,
				015449A81B26E72900B1C9A9 /* Main.storyboard */,
				015449AB1B26E72900B1C9A9 /* Images.xcassets */,
				015449AD1B26E72900B1C9A9 /* LaunchScreen.xib */,
				015449A31B26E72900B1C9A9 /* Pintu.xcdatamodeld */,
				0154499F1B26E72900B1C9A9 /* Supporting Files */,
			);
			path = Pintu;
			sourceTree = "<group>";
		};
		0154499F1B26E72900B1C9A9 /* Supporting Files */ = {
			isa = PBXGroup;
			children = (
				015449A01B26E72900B1C9A9 /* Info.plist */,
			);
			name = "Supporting Files";
			sourceTree = "<group>";
		};
		015449B71B26E72900B1C9A9 /* PintuTests */ = {
			isa = PBXGroup;
			children = (
				015449BA1B26E72900B1C9A9 /* PintuTests.swift */,
				015449B81B26E72900B1C9A9 /* Supporting Files */,
			);
			path = PintuTests;
			sourceTree = "<group>";
		};
		015449B81B26E72900B1C9A9 /* Supporting Files */ = {
			isa = PBXGroup;
			children = (
				015449B91B26E72900B1C9A9 /* Info.plist */,
			);
			name = "Supporting Files";
			sourceTree = "<group>";
		};
		015449C61B26E74E00B1C9A9 /* Extensions */ = {
			isa = PBXGroup;
			children = (
				015449C41B26E74400B1C9A9 /* DateExtension.swift */,
			);
			name = Extensions;
			sourceTree = "<group>";
		};
		015449C91B26E92E00B1C9A9 /* Model */ = {
			isa = PBXGroup;
			children = (
				015449C71B26E92A00B1C9A9 /* DataSource.swift */,
			);
			name = Model;
			sourceTree = "<group>";
		};
		015449CC1B26E97100B1C9A9 /* View */ = {
			isa = PBXGroup;
			children = (
				015449CA1B26E96800B1C9A9 /* MomentsTableViewCell.swift */,
			);
			name = View;
			sourceTree = "<group>";
		};
		015449CF1B26E9D100B1C9A9 /* Controller */ = {
			isa = PBXGroup;
			children = (
				015449A11B26E72900B1C9A9 /* AppDelegate.swift */,
				015449CD1B26E9C600B1C9A9 /* GroupedTableViewController.swift */,
				01F2DF3C1B271C09002CEE30 /* MainPhotoVC.swift */,
				0129A7D71B28566E00DA6BCF /* SearchVC.swift */,
				015449A61B26E72900B1C9A9 /* ViewController.swift */,
			);
			name = Controller;
			sourceTree = "<group>";
		};
/* End PBXGroup section */

/* Begin PBXNativeTarget section */
		0154499B1B26E72900B1C9A9 /* Pintu */ = {
			isa = PBXNativeTarget;
			buildConfigurationList = 015449BE1B26E72900B1C9A9 /* Build configuration list for PBXNativeTarget "Pintu" */;
			buildPhases = (
				015449981B26E72900B1C9A9 /* Sources */,
				015449991B26E72900B1C9A9 /* Frameworks */,
				0154499A1B26E72900B1C9A9 /* Resources */,
			);
			buildRules = (
			);
			dependencies = (
			);
			name = Pintu;
			productName = Pintu;
			productReference = 0154499C1B26E72900B1C9A9 /* Pintu.app */;
			productType = "com.apple.product-type.application";
		};
		015449B31B26E72900B1C9A9 /* PintuTests */ = {
			isa = PBXNativeTarget;
			buildConfigurationList = 015449C11B26E72900B1C9A9 /* Build configuration list for PBXNativeTarget "PintuTests" */;
			buildPhases = (
				015449B01B26E72900B1C9A9 /* Sources */,
				015449B11B26E72900B1C9A9 /* Frameworks */,
				015449B21B26E72900B1C9A9 /* Resources */,
			);
			buildRules = (
			);
			dependencies = (
				015449B61B26E72900B1C9A9 /* PBXTargetDependency */,
			);
			name = PintuTests;
			productName = PintuTests;
			productReference = 015449B41B26E72900B1C9A9 /* PintuTests.xctest */;
			productType = "com.apple.product-type.bundle.unit-test";
		};
/* End PBXNativeTarget section */

/* Begin PBXProject section */
		015449941B26E72900B1C9A9 /* Project object */ = {
			isa = PBXProject;
			attributes = {
				LastUpgradeCheck = 0630;
				ORGANIZATIONNAME = RMTREKS;
				TargetAttributes = {
					0154499B1B26E72900B1C9A9 = {
						CreatedOnToolsVersion = 6.3.1;
					};
					015449B31B26E72900B1C9A9 = {
						CreatedOnToolsVersion = 6.3.1;
						TestTargetID = 0154499B1B26E72900B1C9A9;
					};
				};
			};
			buildConfigurationList = 015449971B26E72900B1C9A9 /* Build configuration list for PBXProject "Pintu" */;
			compatibilityVersion = "Xcode 3.2";
			developmentRegion = English;
			hasScannedForEncodings = 0;
			knownRegions = (
				en,
				Base,
			);
			mainGroup = 015449931B26E72900B1C9A9;
			productRefGroup = 0154499D1B26E72900B1C9A9 /* Products */;
			projectDirPath = "";
			projectRoot = "";
			targets = (
				0154499B1B26E72900B1C9A9 /* Pintu */,
				015449B31B26E72900B1C9A9 /* PintuTests */,
			);
		};
/* End PBXProject section */

/* Begin PBXResourcesBuildPhase section */
		0154499A1B26E72900B1C9A9 /* Resources */ = {
			isa = PBXResourcesBuildPhase;
			buildActionMask = 2147483647;
			files = (
				015449AA1B26E72900B1C9A9 /* Main.storyboard in Resources */,
				015449AF1B26E72900B1C9A9 /* LaunchScreen.xib in Resources */,
				015449AC1B26E72900B1C9A9 /* Images.xcassets in Resources */,
			);
			runOnlyForDeploymentPostprocessing = 0;
		};
		015449B21B26E72900B1C9A9 /* Resources */ = {
			isa = PBXResourcesBuildPhase;
			buildActionMask = 2147483647;
			files = (
			);
			runOnlyForDeploymentPostprocessing = 0;
		};
/* End PBXResourcesBuildPhase section */

/* Begin PBXSourcesBuildPhase section */
		015449981B26E72900B1C9A9 /* Sources */ = {
			isa = PBXSourcesBuildPhase;
			buildActionMask = 2147483647;
			files = (
				015449CE1B26E9C600B1C9A9 /* GroupedTableViewController.swift in Sources */,
				015449A71B26E72900B1C9A9 /* ViewController.swift in Sources */,
				015449C51B26E74400B1C9A9 /* DateExtension.swift in Sources */,
				0129A7D81B28566E00DA6BCF /* SearchVC.swift in Sources */,
				015449A51B26E72900B1C9A9 /* Pintu.xcdatamodeld in Sources */,
				01F2DF3D1B271C09002CEE30 /* MainPhotoVC.swift in Sources */,
				015449C81B26E92A00B1C9A9 /* DataSource.swift in Sources */,
				015449A21B26E72900B1C9A9 /* AppDelegate.swift in Sources */,
				015449CB1B26E96800B1C9A9 /* MomentsTableViewCell.swift in Sources */,
			);
			runOnlyForDeploymentPostprocessing = 0;
		};
		015449B01B26E72900B1C9A9 /* Sources */ = {
			isa = PBXSourcesBuildPhase;
			buildActionMask = 2147483647;
			files = (
				015449BB1B26E72900B1C9A9 /* PintuTests.swift in Sources */,
			);
			runOnlyForDeploymentPostprocessing = 0;
		};
/* End PBXSourcesBuildPhase section */

/* Begin PBXTargetDependency section */
		015449B61B26E72900B1C9A9 /* PBXTargetDependency */ = {
			isa = PBXTargetDependency;
			target = 0154499B1B26E72900B1C9A9 /* Pintu */;
			targetProxy = 015449B51B26E72900B1C9A9 /* PBXContainerItemProxy */;
		};
/* End PBXTargetDependency section */

/* Begin PBXVariantGroup section */
		015449A81B26E72900B1C9A9 /* Main.storyboard */ = {
			isa = PBXVariantGroup;
			children = (
				015449A91B26E72900B1C9A9 /* Base */,
			);
			name = Main.storyboard;
			sourceTree = "<group>";
		};
		015449AD1B26E72900B1C9A9 /* LaunchScreen.xib */ = {
			isa = PBXVariantGroup;
			children = (
				015449AE1B26E72900B1C9A9 /* Base */,
			);
			name = LaunchScreen.xib;
			sourceTree = "<group>";
		};
/* End PBXVariantGroup section */

/* Begin XCBuildConfiguration section */
		015449BC1B26E72900B1C9A9 /* Debug */ = {
			isa = XCBuildConfiguration;
			buildSettings = {
				ALWAYS_SEARCH_USER_PATHS = NO;
				CLANG_CXX_LANGUAGE_STANDARD = "gnu++0x";
				CLANG_CXX_LIBRARY = "libc++";
				CLANG_ENABLE_MODULES = YES;
				CLANG_ENABLE_OBJC_ARC = YES;
				CLANG_WARN_BOOL_CONVERSION = YES;
				CLANG_WARN_CONSTANT_CONVERSION = YES;
				CLANG_WARN_DIRECT_OBJC_ISA_USAGE = YES_ERROR;
				CLANG_WARN_EMPTY_BODY = YES;
				CLANG_WARN_ENUM_CONVERSION = YES;
				CLANG_WARN_INT_CONVERSION = YES;
				CLANG_WARN_OBJC_ROOT_CLASS = YES_ERROR;
				CLANG_WARN_UNREACHABLE_CODE = YES;
				CLANG_WARN__DUPLICATE_METHOD_MATCH = YES;
				"CODE_SIGN_IDENTITY[sdk=iphoneos*]" = "iPhone Developer";
				COPY_PHASE_STRIP = NO;
				DEBUG_INFORMATION_FORMAT = "dwarf-with-dsym";
				ENABLE_STRICT_OBJC_MSGSEND = YES;
				GCC_C_LANGUAGE_STANDARD = gnu99;
				GCC_DYNAMIC_NO_PIC = NO;
				GCC_NO_COMMON_BLOCKS = YES;
				GCC_OPTIMIZATION_LEVEL = 0;
				GCC_PREPROCESSOR_DEFINITIONS = (
					"DEBUG=1",
					"$(inherited)",
				);
				GCC_SYMBOLS_PRIVATE_EXTERN = NO;
				GCC_WARN_64_TO_32_BIT_CONVERSION = YES;
				GCC_WARN_ABOUT_RETURN_TYPE = YES_ERROR;
				GCC_WARN_UNDECLARED_SELECTOR = YES;
				GCC_WARN_UNINITIALIZED_AUTOS = YES_AGGRESSIVE;
				GCC_WARN_UNUSED_FUNCTION = YES;
				GCC_WARN_UNUSED_VARIABLE = YES;
				IPHONEOS_DEPLOYMENT_TARGET = 8.3;
				MTL_ENABLE_DEBUG_INFO = YES;
				ONLY_ACTIVE_ARCH = YES;
				SDKROOT = iphoneos;
				SWIFT_OPTIMIZATION_LEVEL = "-Onone";
			};
			name = Debug;
		};
		015449BD1B26E72900B1C9A9 /* Release */ = {
			isa = XCBuildConfiguration;
			buildSettings = {
				ALWAYS_SEARCH_USER_PATHS = NO;
				CLANG_CXX_LANGUAGE_STANDARD = "gnu++0x";
				CLANG_CXX_LIBRARY = "libc++";
				CLANG_ENABLE_MODULES = YES;
				CLANG_ENABLE_OBJC_ARC = YES;
				CLANG_WARN_BOOL_CONVERSION = YES;
				CLANG_WARN_CONSTANT_CONVERSION = YES;
				CLANG_WARN_DIRECT_OBJC_ISA_USAGE = YES_ERROR;
				CLANG_WARN_EMPTY_BODY = YES;
				CLANG_WARN_ENUM_CONVERSION = YES;
				CLANG_WARN_INT_CONVERSION = YES;
				CLANG_WARN_OBJC_ROOT_CLASS = YES_ERROR;
				CLANG_WARN_UNREACHABLE_CODE = YES;
				CLANG_WARN__DUPLICATE_METHOD_MATCH = YES;
				"CODE_SIGN_IDENTITY[sdk=iphoneos*]" = "iPhone Developer";
				COPY_PHASE_STRIP = NO;
				DEBUG_INFORMATION_FORMAT = "dwarf-with-dsym";
				ENABLE_NS_ASSERTIONS = NO;
				ENABLE_STRICT_OBJC_MSGSEND = YES;
				GCC_C_LANGUAGE_STANDARD = gnu99;
				GCC_NO_COMMON_BLOCKS = YES;
				GCC_WARN_64_TO_32_BIT_CONVERSION = YES;
				GCC_WARN_ABOUT_RETURN_TYPE = YES_ERROR;
				GCC_WARN_UNDECLARED_SELECTOR = YES;
				GCC_WARN_UNINITIALIZED_AUTOS = YES_AGGRESSIVE;
				GCC_WARN_UNUSED_FUNCTION = YES;
				GCC_WARN_UNUSED_VARIABLE = YES;
				IPHONEOS_DEPLOYMENT_TARGET = 8.3;
				MTL_ENABLE_DEBUG_INFO = NO;
				SDKROOT = iphoneos;
				VALIDATE_PRODUCT = YES;
			};
			name = Release;
		};
		015449BF1B26E72900B1C9A9 /* Debug */ = {
			isa = XCBuildConfiguration;
			buildSettings = {
				ASSETCATALOG_COMPILER_APPICON_NAME = AppIcon;
				INFOPLIST_FILE = Pintu/Info.plist;
				LD_RUNPATH_SEARCH_PATHS = "$(inherited) @executable_path/Frameworks";
				PRODUCT_NAME = "$(TARGET_NAME)";
			};
			name = Debug;
		};
		015449C01B26E72900B1C9A9 /* Release */ = {
			isa = XCBuildConfiguration;
			buildSettings = {
				ASSETCATALOG_COMPILER_APPICON_NAME = AppIcon;
				INFOPLIST_FILE = Pintu/Info.plist;
				LD_RUNPATH_SEARCH_PATHS = "$(inherited) @executable_path/Frameworks";
				PRODUCT_NAME = "$(TARGET_NAME)";
			};
			name = Release;
		};
		015449C21B26E72900B1C9A9 /* Debug */ = {
			isa = XCBuildConfiguration;
			buildSettings = {
				BUNDLE_LOADER = "$(TEST_HOST)";
				FRAMEWORK_SEARCH_PATHS = (
					"$(SDKROOT)/Developer/Library/Frameworks",
					"$(inherited)",
				);
				GCC_PREPROCESSOR_DEFINITIONS = (
					"DEBUG=1",
					"$(inherited)",
				);
				INFOPLIST_FILE = PintuTests/Info.plist;
				LD_RUNPATH_SEARCH_PATHS = "$(inherited) @executable_path/Frameworks @loader_path/Frameworks";
				PRODUCT_NAME = "$(TARGET_NAME)";
				TEST_HOST = "$(BUILT_PRODUCTS_DIR)/Pintu.app/Pintu";
			};
			name = Debug;
		};
		015449C31B26E72900B1C9A9 /* Release */ = {
			isa = XCBuildConfiguration;
			buildSettings = {
				BUNDLE_LOADER = "$(TEST_HOST)";
				FRAMEWORK_SEARCH_PATHS = (
					"$(SDKROOT)/Developer/Library/Frameworks",
					"$(inherited)",
				);
				INFOPLIST_FILE = PintuTests/Info.plist;
				LD_RUNPATH_SEARCH_PATHS = "$(inherited) @executable_path/Frameworks @loader_path/Frameworks";
				PRODUCT_NAME = "$(TARGET_NAME)";
				TEST_HOST = "$(BUILT_PRODUCTS_DIR)/Pintu.app/Pintu";
			};
			name = Release;
		};
/* End XCBuildConfiguration section */

/* Begin XCConfigurationList section */
		015449971B26E72900B1C9A9 /* Build configuration list for PBXProject "Pintu" */ = {
			isa = XCConfigurationList;
			buildConfigurations = (
				015449BC1B26E72900B1C9A9 /* Debug */,
				015449BD1B26E72900B1C9A9 /* Release */,
			);
			defaultConfigurationIsVisible = 0;
			defaultConfigurationName = Release;
		};
		015449BE1B26E72900B1C9A9 /* Build configuration list for PBXNativeTarget "Pintu" */ = {
			isa = XCConfigurationList;
			buildConfigurations = (
				015449BF1B26E72900B1C9A9 /* Debug */,
				015449C01B26E72900B1C9A9 /* Release */,
			);
			defaultConfigurationIsVisible = 0;
			defaultConfigurationName = Release;
		};
		015449C11B26E72900B1C9A9 /* Build configuration list for PBXNativeTarget "PintuTests" */ = {
			isa = XCConfigurationList;
			buildConfigurations = (
				015449C21B26E72900B1C9A9 /* Debug */,
				015449C31B26E72900B1C9A9 /* Release */,
			);
			defaultConfigurationIsVisible = 0;
			defaultConfigurationName = Release;
		};
/* End XCConfigurationList section */

/* Begin XCVersionGroup section */
		015449A31B26E72900B1C9A9 /* Pintu.xcdatamodeld */ = {
			isa = XCVersionGroup;
			children = (
				015449A41B26E72900B1C9A9 /* Pintu.xcdatamodel */,
			);
			currentVersion = 015449A41B26E72900B1C9A9 /* Pintu.xcdatamodel */;
			path = Pintu.xcdatamodeld;
			sourceTree = "<group>";
			versionGroupType = wrapper.xcdatamodel;
		};
/* End XCVersionGroup section */
	};
	rootObject = 015449941B26E72900B1C9A9 /* Project object */;
}
